
Microsoft Visual Studio Solution File, Format Version 12.00
# Visual Studio Version 17
VisualStudioVersion = 17.4.33205.214
MinimumVisualStudioVersion = 10.0.40219.1
Project("{FAE04EC0-301F-11D3-BF4B-00C04F79EFBC}") = "WhatsappAuto", "WhatsappAuto\WhatsappAuto.csproj", "{40234DB2-DE5A-4CED-B145-02C318397778}"
EndProject
Global
	GlobalSection(SolutionConfigurationPlatforms) = preSolution
		Debug|Any CPU = Debug|Any CPU
		Release|Any CPU = Release|Any CPU
	EndGlobalSection
	GlobalSection(ProjectConfigurationPlatforms) = postSolution
		{40234DB2-DE5A-4CED-B145-02C318397778}.Debug|Any CPU.ActiveCfg = Debug|Any CPU
		{40234DB2-DE5A-4CED-B145-02C318397778}.Debug|Any CPU.Build.0 = Debug|Any CPU
		{40234DB2-DE5A-4CED-B145-02C318397778}.Release|Any CPU.ActiveCfg = Release|Any CPU
		{40234DB2-DE5A-4CED-B145-02C318397778}.Release|Any CPU.Build.0 = Release|Any CPU
	EndGlobalSection
	GlobalSection(SolutionProperties) = preSolution
		HideSolutionNode = FALSE
	EndGlobalSection
	GlobalSection(ExtensibilityGlobals) = postSolution
		SolutionGuid = {A6DB5D79-B9BD-453F-8C1F-69FB3233CA31}
	EndGlobalSection
EndGlobal
